
Microsoft Visual Studio Solution File, Format Version 12.00
# Visual Studio Version 17
VisualStudioVersion = 17.4.33020.496
MinimumVisualStudioVersion = 10.0.40219.1
Project("{2150E333-8FDC-42A3-9474-1A3956D46DE8}") = "Docs", "Docs", "{C31D73E7-117E-41BA-89FF-FD6ED17C3975}"
	ProjectSection(SolutionItems) = preProject
		..\.github\CONTRIBUTING.md = ..\.github\CONTRIBUTING.md
		..\.github\README.md = ..\.github\README.md
		..\umbraco-marketplace.json = ..\umbraco-marketplace.json
	EndProjectSection
EndProject
Project("{FAE04EC0-301F-11D3-BF4B-00C04F79EFBC}") = "Merchello.Site", "Merchello.Site\Merchello.Site.csproj", "{52C685A8-B742-4B80-B282-D8FBDD539443}"
EndProject
Project("{FAE04EC0-301F-11D3-BF4B-00C04F79EFBC}") = "Merchello", "Merchello\Merchello.csproj", "{89581362-A4D3-4B97-8A9E-44B273703324}"
EndProject
Project("{FAE04EC0-301F-11D3-BF4B-00C04F79EFBC}") = "Merchello.Core", "Merchello.Core\Merchello.Core.csproj", "{DED3A124-90A9-42F4-BE91-EADEFAAC855A}"
EndProject
Project("{FAE04EC0-301F-11D3-BF4B-00C04F79EFBC}") = "Merchello.Core.SqlServer", "Merchello.Core.SqlServer\Merchello.Core.SqlServer.csproj", "{BA9637B2-23F0-4660-B5E5-1E68F0B9C61A}"
EndProject
Project("{FAE04EC0-301F-11D3-BF4B-00C04F79EFBC}") = "Merchello.Core.Sqlite", "Merchello.Core.Sqlite\Merchello.Core.Sqlite.csproj", "{FFE3B881-B59C-4F9A-BFCD-BB50422BD8F5}"
EndProject
Project("{2150E333-8FDC-42A3-9474-1A3956D46DE8}") = "Scripts", "Scripts", "{0319B1CD-CE56-462E-93B5-77F87B9564F0}"
	ProjectSection(SolutionItems) = preProject
		..\scripts\add-migration.ps1 = ..\scripts\add-migration.ps1
	EndProjectSection
EndProject
Project("{FAE04EC0-301F-11D3-BF4B-00C04F79EFBC}") = "Merchello.Tests", "Merchello.Tests\Merchello.Tests.csproj", "{8A3B9DF8-3680-4715-B49D-A880F11BA45A}"
EndProject
Project("{FAE04EC0-301F-11D3-BF4B-00C04F79EFBC}") = "Merchello.PaymentProviders", "Merchello.PaymentProviders\Merchello.PaymentProviders.csproj", "{B37279C0-8565-4AC7-8E35-685F62CBFFF1}"
EndProject
Project("{FAE04EC0-301F-11D3-BF4B-00C04F79EFBC}") = "Merchello.ShippingProviders", "Merchello.ShippingProviders\Merchello.ShippingProviders.csproj", "{E8F3C5A1-9D2B-4F6E-8A7C-3B4D5E6F7A8B}"
EndProject
Global
	GlobalSection(SolutionConfigurationPlatforms) = preSolution
		Debug|Any CPU = Debug|Any CPU
		Debug|x64 = Debug|x64
		Debug|x86 = Debug|x86
		Release|Any CPU = Release|Any CPU
		Release|x64 = Release|x64
		Release|x86 = Release|x86
	EndGlobalSection
	GlobalSection(ProjectConfigurationPlatforms) = postSolution
		{52C685A8-B742-4B80-B282-D8FBDD539443}.Debug|Any CPU.ActiveCfg = Debug|Any CPU
		{52C685A8-B742-4B80-B282-D8FBDD539443}.Debug|Any CPU.Build.0 = Debug|Any CPU
		{52C685A8-B742-4B80-B282-D8FBDD539443}.Debug|x64.ActiveCfg = Debug|Any CPU
		{52C685A8-B742-4B80-B282-D8FBDD539443}.Debug|x64.Build.0 = Debug|Any CPU
		{52C685A8-B742-4B80-B282-D8FBDD539443}.Debug|x86.ActiveCfg = Debug|Any CPU
		{52C685A8-B742-4B80-B282-D8FBDD539443}.Debug|x86.Build.0 = Debug|Any CPU
		{52C685A8-B742-4B80-B282-D8FBDD539443}.Release|Any CPU.ActiveCfg = Release|Any CPU
		{52C685A8-B742-4B80-B282-D8FBDD539443}.Release|Any CPU.Build.0 = Release|Any CPU
		{52C685A8-B742-4B80-B282-D8FBDD539443}.Release|x64.ActiveCfg = Release|Any CPU
		{52C685A8-B742-4B80-B282-D8FBDD539443}.Release|x64.Build.0 = Release|Any CPU
		{52C685A8-B742-4B80-B282-D8FBDD539443}.Release|x86.ActiveCfg = Release|Any CPU
		{52C685A8-B742-4B80-B282-D8FBDD539443}.Release|x86.Build.0 = Release|Any CPU
		{89581362-A4D3-4B97-8A9E-44B273703324}.Debug|Any CPU.ActiveCfg = Debug|Any CPU
		{89581362-A4D3-4B97-8A9E-44B273703324}.Debug|Any CPU.Build.0 = Debug|Any CPU
		{89581362-A4D3-4B97-8A9E-44B273703324}.Debug|x64.ActiveCfg = Debug|Any CPU
		{89581362-A4D3-4B97-8A9E-44B273703324}.Debug|x64.Build.0 = Debug|Any CPU
		{89581362-A4D3-4B97-8A9E-44B273703324}.Debug|x86.ActiveCfg = Debug|Any CPU
		{89581362-A4D3-4B97-8A9E-44B273703324}.Debug|x86.Build.0 = Debug|Any CPU
		{89581362-A4D3-4B97-8A9E-44B273703324}.Release|Any CPU.ActiveCfg = Release|Any CPU
		{89581362-A4D3-4B97-8A9E-44B273703324}.Release|Any CPU.Build.0 = Release|Any CPU
		{89581362-A4D3-4B97-8A9E-44B273703324}.Release|x64.ActiveCfg = Release|Any CPU
		{89581362-A4D3-4B97-8A9E-44B273703324}.Release|x64.Build.0 = Release|Any CPU
		{89581362-A4D3-4B97-8A9E-44B273703324}.Release|x86.ActiveCfg = Release|Any CPU
		{89581362-A4D3-4B97-8A9E-44B273703324}.Release|x86.Build.0 = Release|Any CPU
		{DED3A124-90A9-42F4-BE91-EADEFAAC855A}.Debug|Any CPU.ActiveCfg = Debug|Any CPU
		{DED3A124-90A9-42F4-BE91-EADEFAAC855A}.Debug|Any CPU.Build.0 = Debug|Any CPU
		{DED3A124-90A9-42F4-BE91-EADEFAAC855A}.Debug|x64.ActiveCfg = Debug|Any CPU
		{DED3A124-90A9-42F4-BE91-EADEFAAC855A}.Debug|x64.Build.0 = Debug|Any CPU
		{DED3A124-90A9-42F4-BE91-EADEFAAC855A}.Debug|x86.ActiveCfg = Debug|Any CPU
		{DED3A124-90A9-42F4-BE91-EADEFAAC855A}.Debug|x86.Build.0 = Debug|Any CPU
		{DED3A124-90A9-42F4-BE91-EADEFAAC855A}.Release|Any CPU.ActiveCfg = Release|Any CPU
		{DED3A124-90A9-42F4-BE91-EADEFAAC855A}.Release|Any CPU.Build.0 = Release|Any CPU
		{DED3A124-90A9-42F4-BE91-EADEFAAC855A}.Release|x64.ActiveCfg = Release|Any CPU
		{DED3A124-90A9-42F4-BE91-EADEFAAC855A}.Release|x64.Build.0 = Release|Any CPU
		{DED3A124-90A9-42F4-BE91-EADEFAAC855A}.Release|x86.ActiveCfg = Release|Any CPU
		{DED3A124-90A9-42F4-BE91-EADEFAAC855A}.Release|x86.Build.0 = Release|Any CPU
		{BA9637B2-23F0-4660-B5E5-1E68F0B9C61A}.Debug|Any CPU.ActiveCfg = Debug|Any CPU
		{BA9637B2-23F0-4660-B5E5-1E68F0B9C61A}.Debug|Any CPU.Build.0 = Debug|Any CPU
		{BA9637B2-23F0-4660-B5E5-1E68F0B9C61A}.Debug|x64.ActiveCfg = Debug|Any CPU
		{BA9637B2-23F0-4660-B5E5-1E68F0B9C61A}.Debug|x64.Build.0 = Debug|Any CPU
		{BA9637B2-23F0-4660-B5E5-1E68F0B9C61A}.Debug|x86.ActiveCfg = Debug|Any CPU
		{BA9637B2-23F0-4660-B5E5-1E68F0B9C61A}.Debug|x86.Build.0 = Debug|Any CPU
		{BA9637B2-23F0-4660-B5E5-1E68F0B9C61A}.Release|Any CPU.ActiveCfg = Release|Any CPU
		{BA9637B2-23F0-4660-B5E5-1E68F0B9C61A}.Release|Any CPU.Build.0 = Release|Any CPU
		{BA9637B2-23F0-4660-B5E5-1E68F0B9C61A}.Release|x64.ActiveCfg = Release|Any CPU
		{BA9637B2-23F0-4660-B5E5-1E68F0B9C61A}.Release|x64.Build.0 = Release|Any CPU
		{BA9637B2-23F0-4660-B5E5-1E68F0B9C61A}.Release|x86.ActiveCfg = Release|Any CPU
		{BA9637B2-23F0-4660-B5E5-1E68F0B9C61A}.Release|x86.Build.0 = Release|Any CPU
		{FFE3B881-B59C-4F9A-BFCD-BB50422BD8F5}.Debug|Any CPU.ActiveCfg = Debug|Any CPU
		{FFE3B881-B59C-4F9A-BFCD-BB50422BD8F5}.Debug|Any CPU.Build.0 = Debug|Any CPU
		{FFE3B881-B59C-4F9A-BFCD-BB50422BD8F5}.Debug|x64.ActiveCfg = Debug|Any CPU
		{FFE3B881-B59C-4F9A-BFCD-BB50422BD8F5}.Debug|x64.Build.0 = Debug|Any CPU
		{FFE3B881-B59C-4F9A-BFCD-BB50422BD8F5}.Debug|x86.ActiveCfg = Debug|Any CPU
		{FFE3B881-B59C-4F9A-BFCD-BB50422BD8F5}.Debug|x86.Build.0 = Debug|Any CPU
		{FFE3B881-B59C-4F9A-BFCD-BB50422BD8F5}.Release|Any CPU.ActiveCfg = Release|Any CPU
		{FFE3B881-B59C-4F9A-BFCD-BB50422BD8F5}.Release|Any CPU.Build.0 = Release|Any CPU
		{FFE3B881-B59C-4F9A-BFCD-BB50422BD8F5}.Release|x64.ActiveCfg = Release|Any CPU
		{FFE3B881-B59C-4F9A-BFCD-BB50422BD8F5}.Release|x64.Build.0 = Release|Any CPU
		{FFE3B881-B59C-4F9A-BFCD-BB50422BD8F5}.Release|x86.ActiveCfg = Release|Any CPU
		{FFE3B881-B59C-4F9A-BFCD-BB50422BD8F5}.Release|x86.Build.0 = Release|Any CPU
		{8A3B9DF8-3680-4715-B49D-A880F11BA45A}.Debug|Any CPU.ActiveCfg = Debug|Any CPU
		{8A3B9DF8-3680-4715-B49D-A880F11BA45A}.Debug|Any CPU.Build.0 = Debug|Any CPU
		{8A3B9DF8-3680-4715-B49D-A880F11BA45A}.Debug|x64.ActiveCfg = Debug|Any CPU
		{8A3B9DF8-3680-4715-B49D-A880F11BA45A}.Debug|x64.Build.0 = Debug|Any CPU
		{8A3B9DF8-3680-4715-B49D-A880F11BA45A}.Debug|x86.ActiveCfg = Debug|Any CPU
		{8A3B9DF8-3680-4715-B49D-A880F11BA45A}.Debug|x86.Build.0 = Debug|Any CPU
		{8A3B9DF8-3680-4715-B49D-A880F11BA45A}.Release|Any CPU.ActiveCfg = Release|Any CPU
		{8A3B9DF8-3680-4715-B49D-A880F11BA45A}.Release|Any CPU.Build.0 = Release|Any CPU
		{8A3B9DF8-3680-4715-B49D-A880F11BA45A}.Release|x64.ActiveCfg = Release|Any CPU
		{8A3B9DF8-3680-4715-B49D-A880F11BA45A}.Release|x64.Build.0 = Release|Any CPU
		{8A3B9DF8-3680-4715-B49D-A880F11BA45A}.Release|x86.ActiveCfg = Release|Any CPU
		{8A3B9DF8-3680-4715-B49D-A880F11BA45A}.Release|x86.Build.0 = Release|Any CPU
		{B37279C0-8565-4AC7-8E35-685F62CBFFF1}.Debug|Any CPU.ActiveCfg = Debug|Any CPU
		{B37279C0-8565-4AC7-8E35-685F62CBFFF1}.Debug|Any CPU.Build.0 = Debug|Any CPU
		{B37279C0-8565-4AC7-8E35-685F62CBFFF1}.Debug|x64.ActiveCfg = Debug|Any CPU
		{B37279C0-8565-4AC7-8E35-685F62CBFFF1}.Debug|x64.Build.0 = Debug|Any CPU
		{B37279C0-8565-4AC7-8E35-685F62CBFFF1}.Debug|x86.ActiveCfg = Debug|Any CPU
		{B37279C0-8565-4AC7-8E35-685F62CBFFF1}.Debug|x86.Build.0 = Debug|Any CPU
		{B37279C0-8565-4AC7-8E35-685F62CBFFF1}.Release|Any CPU.ActiveCfg = Release|Any CPU
		{B37279C0-8565-4AC7-8E35-685F62CBFFF1}.Release|Any CPU.Build.0 = Release|Any CPU
		{B37279C0-8565-4AC7-8E35-685F62CBFFF1}.Release|x64.ActiveCfg = Release|Any CPU
		{B37279C0-8565-4AC7-8E35-685F62CBFFF1}.Release|x64.Build.0 = Release|Any CPU
		{B37279C0-8565-4AC7-8E35-685F62CBFFF1}.Release|x86.ActiveCfg = Release|Any CPU
		{B37279C0-8565-4AC7-8E35-685F62CBFFF1}.Release|x86.Build.0 = Release|Any CPU
		{E8F3C5A1-9D2B-4F6E-8A7C-3B4D5E6F7A8B}.Debug|Any CPU.ActiveCfg = Debug|Any CPU
		{E8F3C5A1-9D2B-4F6E-8A7C-3B4D5E6F7A8B}.Debug|Any CPU.Build.0 = Debug|Any CPU
		{E8F3C5A1-9D2B-4F6E-8A7C-3B4D5E6F7A8B}.Debug|x64.ActiveCfg = Debug|Any CPU
		{E8F3C5A1-9D2B-4F6E-8A7C-3B4D5E6F7A8B}.Debug|x64.Build.0 = Debug|Any CPU
		{E8F3C5A1-9D2B-4F6E-8A7C-3B4D5E6F7A8B}.Debug|x86.ActiveCfg = Debug|Any CPU
		{E8F3C5A1-9D2B-4F6E-8A7C-3B4D5E6F7A8B}.Debug|x86.Build.0 = Debug|Any CPU
		{E8F3C5A1-9D2B-4F6E-8A7C-3B4D5E6F7A8B}.Release|Any CPU.ActiveCfg = Release|Any CPU
		{E8F3C5A1-9D2B-4F6E-8A7C-3B4D5E6F7A8B}.Release|Any CPU.Build.0 = Release|Any CPU
		{E8F3C5A1-9D2B-4F6E-8A7C-3B4D5E6F7A8B}.Release|x64.ActiveCfg = Release|Any CPU
		{E8F3C5A1-9D2B-4F6E-8A7C-3B4D5E6F7A8B}.Release|x64.Build.0 = Release|Any CPU
		{E8F3C5A1-9D2B-4F6E-8A7C-3B4D5E6F7A8B}.Release|x86.ActiveCfg = Release|Any CPU
		{E8F3C5A1-9D2B-4F6E-8A7C-3B4D5E6F7A8B}.Release|x86.Build.0 = Release|Any CPU
	EndGlobalSection
	GlobalSection(SolutionProperties) = preSolution
		HideSolutionNode = FALSE
	EndGlobalSection
	GlobalSection(ExtensibilityGlobals) = postSolution
		SolutionGuid = {6F07004F-9903-4AEB-9ED0-BE57A0326D20}
	EndGlobalSection
EndGlobal
